
Microsoft Visual Studio Solution File, Format Version 12.00
# Visual Studio Version 17
VisualStudioVersion = 17.3.32825.248
MinimumVisualStudioVersion = 10.0.40219.1
Project("{F184B08F-C81C-45F6-A57F-5ABD9991F28F}") = "Patagonia Project", "Patagonia Project\Patagonia Project.vbproj", "{FFCECC20-F01B-4A20-B9E1-BD86758769A2}"
EndProject
Global
	GlobalSection(SolutionConfigurationPlatforms) = preSolution
		Debug|Any CPU = Debug|Any CPU
		Release|Any CPU = Release|Any CPU
	EndGlobalSection
	GlobalSection(ProjectConfigurationPlatforms) = postSolution
		{FFCECC20-F01B-4A20-B9E1-BD86758769A2}.Debug|Any CPU.ActiveCfg = Debug|Any CPU
		{FFCECC20-F01B-4A20-B9E1-BD86758769A2}.Debug|Any CPU.Build.0 = Debug|Any CPU
		{FFCECC20-F01B-4A20-B9E1-BD86758769A2}.Release|Any CPU.ActiveCfg = Release|Any CPU
		{FFCECC20-F01B-4A20-B9E1-BD86758769A2}.Release|Any CPU.Build.0 = Release|Any CPU
	EndGlobalSection
	GlobalSection(SolutionProperties) = preSolution
		HideSolutionNode = FALSE
	EndGlobalSection
	GlobalSection(ExtensibilityGlobals) = postSolution
		SolutionGuid = {CD78C12C-1707-413A-834A-1F9E83A10EB0}
	EndGlobalSection
EndGlobal
